
Microsoft Visual Studio Solution File, Format Version 12.00
# Visual Studio Version 16
VisualStudioVersion = 16.0.31129.286
MinimumVisualStudioVersion = 10.0.40219.1
Project("{FAE04EC0-301F-11D3-BF4B-00C04F79EFBC}") = "Hamburger", "Hamburger\Hamburger.csproj", "{990C3A86-A000-41A2-9E36-90D5F9474CB4}"
EndProject
Project("{FAE04EC0-301F-11D3-BF4B-00C04F79EFBC}") = "Common.DI", "Common.DI\Common.DI.csproj", "{338F0BEE-B25A-43F8-94C5-DCC19BD1D0B0}"
EndProject
Project("{2150E333-8FDC-42A3-9474-1A3956D46DE8}") = "Common", "Common", "{BC43919C-5898-4C74-93F7-677ECCD9F648}"
EndProject
Project("{FAE04EC0-301F-11D3-BF4B-00C04F79EFBC}") = "Common.ViewLayer", "Common.ViewLayer\Common.ViewLayer.csproj", "{E44B8341-94F6-493A-9882-CE5B3660C425}"
EndProject
Project("{FAE04EC0-301F-11D3-BF4B-00C04F79EFBC}") = "Hamburger.BL", "Hamburger.BL\Hamburger.BL.csproj", "{A05BBD15-C3BF-45ED-AE36-7F0FE63A3C3A}"
EndProject
Project("{2150E333-8FDC-42A3-9474-1A3956D46DE8}") = "Hamburger", "Hamburger", "{A6328DFB-215E-4C88-8B76-D2F6D74096A2}"
EndProject
Project("{2150E333-8FDC-42A3-9474-1A3956D46DE8}") = "Solution Items", "Solution Items", "{21BAE93C-749F-4611-9896-B7887BBDDF23}"
	ProjectSection(SolutionItems) = preProject
		.editorconfig = .editorconfig
	EndProjectSection
EndProject
Project("{FAE04EC0-301F-11D3-BF4B-00C04F79EFBC}") = "Common.ViewModelLayer", "Common.ViewModelLayer\Common.ViewModelLayer.csproj", "{23064E16-5B8C-4B11-9DA9-5ABDBFDCAB31}"
EndProject
Project("{FAE04EC0-301F-11D3-BF4B-00C04F79EFBC}") = "Common.ModelLayer", "Common.ModelLayer\Common.ModelLayer.csproj", "{04898BAE-CCA8-45C6-AFBA-EF9691663E79}"
EndProject
Project("{FAE04EC0-301F-11D3-BF4B-00C04F79EFBC}") = "Common.Services", "Common.Services\Common.Services.csproj", "{601033CC-E5A0-4265-BD97-4BE82306FDCD}"
EndProject
Project("{FAE04EC0-301F-11D3-BF4B-00C04F79EFBC}") = "Common.Services.Telemetry.AppCenter", "Common.Services.Telemetry.AppCenter\Common.Services.Telemetry.AppCenter.csproj", "{78B9A282-A1BB-4C95-9653-5A9221F45B58}"
EndProject
Project("{FAE04EC0-301F-11D3-BF4B-00C04F79EFBC}") = "Common.Services.Telemetry", "Common.Services.Telemetry\Common.Services.Telemetry.csproj", "{42650AB2-468D-4216-B4D4-663351F56EE4}"
EndProject
Project("{FAE04EC0-301F-11D3-BF4B-00C04F79EFBC}") = "Common.Services.Telemetry.GoogleAnalytics", "Common.Services.Telemetry.GoogleAnalytics\Common.Services.Telemetry.GoogleAnalytics.csproj", "{615CDC49-7444-4A7B-B853-96009695A80A}"
EndProject
Global
	GlobalSection(SolutionConfigurationPlatforms) = preSolution
		Debug|Any CPU = Debug|Any CPU
		Debug|ARM = Debug|ARM
		Debug|ARM64 = Debug|ARM64
		Debug|x64 = Debug|x64
		Debug|x86 = Debug|x86
		Release|Any CPU = Release|Any CPU
		Release|ARM = Release|ARM
		Release|ARM64 = Release|ARM64
		Release|x64 = Release|x64
		Release|x86 = Release|x86
	EndGlobalSection
	GlobalSection(ProjectConfigurationPlatforms) = postSolution
		{990C3A86-A000-41A2-9E36-90D5F9474CB4}.Debug|Any CPU.ActiveCfg = Debug|x86
		{990C3A86-A000-41A2-9E36-90D5F9474CB4}.Debug|ARM.ActiveCfg = Debug|ARM
		{990C3A86-A000-41A2-9E36-90D5F9474CB4}.Debug|ARM.Build.0 = Debug|ARM
		{990C3A86-A000-41A2-9E36-90D5F9474CB4}.Debug|ARM.Deploy.0 = Debug|ARM
		{990C3A86-A000-41A2-9E36-90D5F9474CB4}.Debug|ARM64.ActiveCfg = Debug|ARM64
		{990C3A86-A000-41A2-9E36-90D5F9474CB4}.Debug|ARM64.Build.0 = Debug|ARM64
		{990C3A86-A000-41A2-9E36-90D5F9474CB4}.Debug|ARM64.Deploy.0 = Debug|ARM64
		{990C3A86-A000-41A2-9E36-90D5F9474CB4}.Debug|x64.ActiveCfg = Debug|x64
		{990C3A86-A000-41A2-9E36-90D5F9474CB4}.Debug|x64.Build.0 = Debug|x64
		{990C3A86-A000-41A2-9E36-90D5F9474CB4}.Debug|x64.Deploy.0 = Debug|x64
		{990C3A86-A000-41A2-9E36-90D5F9474CB4}.Debug|x86.ActiveCfg = Debug|x86
		{990C3A86-A000-41A2-9E36-90D5F9474CB4}.Debug|x86.Build.0 = Debug|x86
		{990C3A86-A000-41A2-9E36-90D5F9474CB4}.Debug|x86.Deploy.0 = Debug|x86
		{990C3A86-A000-41A2-9E36-90D5F9474CB4}.Release|Any CPU.ActiveCfg = Release|x86
		{990C3A86-A000-41A2-9E36-90D5F9474CB4}.Release|ARM.ActiveCfg = Release|ARM
		{990C3A86-A000-41A2-9E36-90D5F9474CB4}.Release|ARM.Build.0 = Release|ARM
		{990C3A86-A000-41A2-9E36-90D5F9474CB4}.Release|ARM.Deploy.0 = Release|ARM
		{990C3A86-A000-41A2-9E36-90D5F9474CB4}.Release|ARM64.ActiveCfg = Release|ARM64
		{990C3A86-A000-41A2-9E36-90D5F9474CB4}.Release|ARM64.Build.0 = Release|ARM64
		{990C3A86-A000-41A2-9E36-90D5F9474CB4}.Release|ARM64.Deploy.0 = Release|ARM64
		{990C3A86-A000-41A2-9E36-90D5F9474CB4}.Release|x64.ActiveCfg = Release|x64
		{990C3A86-A000-41A2-9E36-90D5F9474CB4}.Release|x64.Build.0 = Release|x64
		{990C3A86-A000-41A2-9E36-90D5F9474CB4}.Release|x64.Deploy.0 = Release|x64
		{990C3A86-A000-41A2-9E36-90D5F9474CB4}.Release|x86.ActiveCfg = Release|x86
		{990C3A86-A000-41A2-9E36-90D5F9474CB4}.Release|x86.Build.0 = Release|x86
		{990C3A86-A000-41A2-9E36-90D5F9474CB4}.Release|x86.Deploy.0 = Release|x86
		{338F0BEE-B25A-43F8-94C5-DCC19BD1D0B0}.Debug|Any CPU.ActiveCfg = Debug|Any CPU
		{338F0BEE-B25A-43F8-94C5-DCC19BD1D0B0}.Debug|Any CPU.Build.0 = Debug|Any CPU
		{338F0BEE-B25A-43F8-94C5-DCC19BD1D0B0}.Debug|ARM.ActiveCfg = Debug|ARM
		{338F0BEE-B25A-43F8-94C5-DCC19BD1D0B0}.Debug|ARM.Build.0 = Debug|ARM
		{338F0BEE-B25A-43F8-94C5-DCC19BD1D0B0}.Debug|ARM64.ActiveCfg = Debug|ARM64
		{338F0BEE-B25A-43F8-94C5-DCC19BD1D0B0}.Debug|ARM64.Build.0 = Debug|ARM64
		{338F0BEE-B25A-43F8-94C5-DCC19BD1D0B0}.Debug|x64.ActiveCfg = Debug|x64
		{338F0BEE-B25A-43F8-94C5-DCC19BD1D0B0}.Debug|x64.Build.0 = Debug|x64
		{338F0BEE-B25A-43F8-94C5-DCC19BD1D0B0}.Debug|x86.ActiveCfg = Debug|x86
		{338F0BEE-B25A-43F8-94C5-DCC19BD1D0B0}.Debug|x86.Build.0 = Debug|x86
		{338F0BEE-B25A-43F8-94C5-DCC19BD1D0B0}.Release|Any CPU.ActiveCfg = Release|Any CPU
		{338F0BEE-B25A-43F8-94C5-DCC19BD1D0B0}.Release|Any CPU.Build.0 = Release|Any CPU
		{338F0BEE-B25A-43F8-94C5-DCC19BD1D0B0}.Release|ARM.ActiveCfg = Release|ARM
		{338F0BEE-B25A-43F8-94C5-DCC19BD1D0B0}.Release|ARM.Build.0 = Release|ARM
		{338F0BEE-B25A-43F8-94C5-DCC19BD1D0B0}.Release|ARM64.ActiveCfg = Release|ARM64
		{338F0BEE-B25A-43F8-94C5-DCC19BD1D0B0}.Release|ARM64.Build.0 = Release|ARM64
		{338F0BEE-B25A-43F8-94C5-DCC19BD1D0B0}.Release|x64.ActiveCfg = Release|x64
		{338F0BEE-B25A-43F8-94C5-DCC19BD1D0B0}.Release|x64.Build.0 = Release|x64
		{338F0BEE-B25A-43F8-94C5-DCC19BD1D0B0}.Release|x86.ActiveCfg = Release|x86
		{338F0BEE-B25A-43F8-94C5-DCC19BD1D0B0}.Release|x86.Build.0 = Release|x86
		{E44B8341-94F6-493A-9882-CE5B3660C425}.Debug|Any CPU.ActiveCfg = Debug|Any CPU
		{E44B8341-94F6-493A-9882-CE5B3660C425}.Debug|Any CPU.Build.0 = Debug|Any CPU
		{E44B8341-94F6-493A-9882-CE5B3660C425}.Debug|ARM.ActiveCfg = Debug|ARM
		{E44B8341-94F6-493A-9882-CE5B3660C425}.Debug|ARM.Build.0 = Debug|ARM
		{E44B8341-94F6-493A-9882-CE5B3660C425}.Debug|ARM64.ActiveCfg = Debug|ARM64
		{E44B8341-94F6-493A-9882-CE5B3660C425}.Debug|ARM64.Build.0 = Debug|ARM64
		{E44B8341-94F6-493A-9882-CE5B3660C425}.Debug|x64.ActiveCfg = Debug|x64
		{E44B8341-94F6-493A-9882-CE5B3660C425}.Debug|x64.Build.0 = Debug|x64
		{E44B8341-94F6-493A-9882-CE5B3660C425}.Debug|x86.ActiveCfg = Debug|x86
		{E44B8341-94F6-493A-9882-CE5B3660C425}.Debug|x86.Build.0 = Debug|x86
		{E44B8341-94F6-493A-9882-CE5B3660C425}.Release|Any CPU.ActiveCfg = Release|Any CPU
		{E44B8341-94F6-493A-9882-CE5B3660C425}.Release|Any CPU.Build.0 = Release|Any CPU
		{E44B8341-94F6-493A-9882-CE5B3660C425}.Release|ARM.ActiveCfg = Release|ARM
		{E44B8341-94F6-493A-9882-CE5B3660C425}.Release|ARM.Build.0 = Release|ARM
		{E44B8341-94F6-493A-9882-CE5B3660C425}.Release|ARM64.ActiveCfg = Release|ARM64
		{E44B8341-94F6-493A-9882-CE5B3660C425}.Release|ARM64.Build.0 = Release|ARM64
		{E44B8341-94F6-493A-9882-CE5B3660C425}.Release|x64.ActiveCfg = Release|x64
		{E44B8341-94F6-493A-9882-CE5B3660C425}.Release|x64.Build.0 = Release|x64
		{E44B8341-94F6-493A-9882-CE5B3660C425}.Release|x86.ActiveCfg = Release|x86
		{E44B8341-94F6-493A-9882-CE5B3660C425}.Release|x86.Build.0 = Release|x86
		{A05BBD15-C3BF-45ED-AE36-7F0FE63A3C3A}.Debug|Any CPU.ActiveCfg = Debug|Any CPU
		{A05BBD15-C3BF-45ED-AE36-7F0FE63A3C3A}.Debug|Any CPU.Build.0 = Debug|Any CPU
		{A05BBD15-C3BF-45ED-AE36-7F0FE63A3C3A}.Debug|ARM.ActiveCfg = Debug|ARM
		{A05BBD15-C3BF-45ED-AE36-7F0FE63A3C3A}.Debug|ARM.Build.0 = Debug|ARM
		{A05BBD15-C3BF-45ED-AE36-7F0FE63A3C3A}.Debug|ARM64.ActiveCfg = Debug|ARM64
		{A05BBD15-C3BF-45ED-AE36-7F0FE63A3C3A}.Debug|ARM64.Build.0 = Debug|ARM64
		{A05BBD15-C3BF-45ED-AE36-7F0FE63A3C3A}.Debug|x64.ActiveCfg = Debug|x64
		{A05BBD15-C3BF-45ED-AE36-7F0FE63A3C3A}.Debug|x64.Build.0 = Debug|x64
		{A05BBD15-C3BF-45ED-AE36-7F0FE63A3C3A}.Debug|x86.ActiveCfg = Debug|x86
		{A05BBD15-C3BF-45ED-AE36-7F0FE63A3C3A}.Debug|x86.Build.0 = Debug|x86
		{A05BBD15-C3BF-45ED-AE36-7F0FE63A3C3A}.Release|Any CPU.ActiveCfg = Release|Any CPU
		{A05BBD15-C3BF-45ED-AE36-7F0FE63A3C3A}.Release|Any CPU.Build.0 = Release|Any CPU
		{A05BBD15-C3BF-45ED-AE36-7F0FE63A3C3A}.Release|ARM.ActiveCfg = Release|ARM
		{A05BBD15-C3BF-45ED-AE36-7F0FE63A3C3A}.Release|ARM.Build.0 = Release|ARM
		{A05BBD15-C3BF-45ED-AE36-7F0FE63A3C3A}.Release|ARM64.ActiveCfg = Release|ARM64
		{A05BBD15-C3BF-45ED-AE36-7F0FE63A3C3A}.Release|ARM64.Build.0 = Release|ARM64
		{A05BBD15-C3BF-45ED-AE36-7F0FE63A3C3A}.Release|x64.ActiveCfg = Release|x64
		{A05BBD15-C3BF-45ED-AE36-7F0FE63A3C3A}.Release|x64.Build.0 = Release|x64
		{A05BBD15-C3BF-45ED-AE36-7F0FE63A3C3A}.Release|x86.ActiveCfg = Release|x86
		{A05BBD15-C3BF-45ED-AE36-7F0FE63A3C3A}.Release|x86.Build.0 = Release|x86
		{23064E16-5B8C-4B11-9DA9-5ABDBFDCAB31}.Debug|Any CPU.ActiveCfg = Debug|Any CPU
		{23064E16-5B8C-4B11-9DA9-5ABDBFDCAB31}.Debug|Any CPU.Build.0 = Debug|Any CPU
		{23064E16-5B8C-4B11-9DA9-5ABDBFDCAB31}.Debug|ARM.ActiveCfg = Debug|ARM
		{23064E16-5B8C-4B11-9DA9-5ABDBFDCAB31}.Debug|ARM.Build.0 = Debug|ARM
		{23064E16-5B8C-4B11-9DA9-5ABDBFDCAB31}.Debug|ARM64.ActiveCfg = Debug|ARM64
		{23064E16-5B8C-4B11-9DA9-5ABDBFDCAB31}.Debug|ARM64.Build.0 = Debug|ARM64
		{23064E16-5B8C-4B11-9DA9-5ABDBFDCAB31}.Debug|x64.ActiveCfg = Debug|x64
		{23064E16-5B8C-4B11-9DA9-5ABDBFDCAB31}.Debug|x64.Build.0 = Debug|x64
		{23064E16-5B8C-4B11-9DA9-5ABDBFDCAB31}.Debug|x86.ActiveCfg = Debug|x86
		{23064E16-5B8C-4B11-9DA9-5ABDBFDCAB31}.Debug|x86.Build.0 = Debug|x86
		{23064E16-5B8C-4B11-9DA9-5ABDBFDCAB31}.Release|Any CPU.ActiveCfg = Release|Any CPU
		{23064E16-5B8C-4B11-9DA9-5ABDBFDCAB31}.Release|Any CPU.Build.0 = Release|Any CPU
		{23064E16-5B8C-4B11-9DA9-5ABDBFDCAB31}.Release|ARM.ActiveCfg = Release|ARM
		{23064E16-5B8C-4B11-9DA9-5ABDBFDCAB31}.Release|ARM.Build.0 = Release|ARM
		{23064E16-5B8C-4B11-9DA9-5ABDBFDCAB31}.Release|ARM64.ActiveCfg = Release|ARM64
		{23064E16-5B8C-4B11-9DA9-5ABDBFDCAB31}.Release|ARM64.Build.0 = Release|ARM64
		{23064E16-5B8C-4B11-9DA9-5ABDBFDCAB31}.Release|x64.ActiveCfg = Release|x64
		{23064E16-5B8C-4B11-9DA9-5ABDBFDCAB31}.Release|x64.Build.0 = Release|x64
		{23064E16-5B8C-4B11-9DA9-5ABDBFDCAB31}.Release|x86.ActiveCfg = Release|x86
		{23064E16-5B8C-4B11-9DA9-5ABDBFDCAB31}.Release|x86.Build.0 = Release|x86
		{04898BAE-CCA8-45C6-AFBA-EF9691663E79}.Debug|Any CPU.ActiveCfg = Debug|Any CPU
		{04898BAE-CCA8-45C6-AFBA-EF9691663E79}.Debug|Any CPU.Build.0 = Debug|Any CPU
		{04898BAE-CCA8-45C6-AFBA-EF9691663E79}.Debug|ARM.ActiveCfg = Debug|ARM
		{04898BAE-CCA8-45C6-AFBA-EF9691663E79}.Debug|ARM.Build.0 = Debug|ARM
		{04898BAE-CCA8-45C6-AFBA-EF9691663E79}.Debug|ARM64.ActiveCfg = Debug|ARM64
		{04898BAE-CCA8-45C6-AFBA-EF9691663E79}.Debug|ARM64.Build.0 = Debug|ARM64
		{04898BAE-CCA8-45C6-AFBA-EF9691663E79}.Debug|x64.ActiveCfg = Debug|x64
		{04898BAE-CCA8-45C6-AFBA-EF9691663E79}.Debug|x64.Build.0 = Debug|x64
		{04898BAE-CCA8-45C6-AFBA-EF9691663E79}.Debug|x86.ActiveCfg = Debug|x86
		{04898BAE-CCA8-45C6-AFBA-EF9691663E79}.Debug|x86.Build.0 = Debug|x86
		{04898BAE-CCA8-45C6-AFBA-EF9691663E79}.Release|Any CPU.ActiveCfg = Release|Any CPU
		{04898BAE-CCA8-45C6-AFBA-EF9691663E79}.Release|Any CPU.Build.0 = Release|Any CPU
		{04898BAE-CCA8-45C6-AFBA-EF9691663E79}.Release|ARM.ActiveCfg = Release|ARM
		{04898BAE-CCA8-45C6-AFBA-EF9691663E79}.Release|ARM.Build.0 = Release|ARM
		{04898BAE-CCA8-45C6-AFBA-EF9691663E79}.Release|ARM64.ActiveCfg = Release|ARM64
		{04898BAE-CCA8-45C6-AFBA-EF9691663E79}.Release|ARM64.Build.0 = Release|ARM64
		{04898BAE-CCA8-45C6-AFBA-EF9691663E79}.Release|x64.ActiveCfg = Release|x64
		{04898BAE-CCA8-45C6-AFBA-EF9691663E79}.Release|x64.Build.0 = Release|x64
		{04898BAE-CCA8-45C6-AFBA-EF9691663E79}.Release|x86.ActiveCfg = Release|x86
		{04898BAE-CCA8-45C6-AFBA-EF9691663E79}.Release|x86.Build.0 = Release|x86
		{601033CC-E5A0-4265-BD97-4BE82306FDCD}.Debug|Any CPU.ActiveCfg = Debug|Any CPU
		{601033CC-E5A0-4265-BD97-4BE82306FDCD}.Debug|Any CPU.Build.0 = Debug|Any CPU
		{601033CC-E5A0-4265-BD97-4BE82306FDCD}.Debug|ARM.ActiveCfg = Debug|ARM
		{601033CC-E5A0-4265-BD97-4BE82306FDCD}.Debug|ARM.Build.0 = Debug|ARM
		{601033CC-E5A0-4265-BD97-4BE82306FDCD}.Debug|ARM64.ActiveCfg = Debug|ARM64
		{601033CC-E5A0-4265-BD97-4BE82306FDCD}.Debug|ARM64.Build.0 = Debug|ARM64
		{601033CC-E5A0-4265-BD97-4BE82306FDCD}.Debug|x64.ActiveCfg = Debug|x64
		{601033CC-E5A0-4265-BD97-4BE82306FDCD}.Debug|x64.Build.0 = Debug|x64
		{601033CC-E5A0-4265-BD97-4BE82306FDCD}.Debug|x86.ActiveCfg = Debug|x86
		{601033CC-E5A0-4265-BD97-4BE82306FDCD}.Debug|x86.Build.0 = Debug|x86
		{601033CC-E5A0-4265-BD97-4BE82306FDCD}.Release|Any CPU.ActiveCfg = Release|Any CPU
		{601033CC-E5A0-4265-BD97-4BE82306FDCD}.Release|Any CPU.Build.0 = Release|Any CPU
		{601033CC-E5A0-4265-BD97-4BE82306FDCD}.Release|ARM.ActiveCfg = Release|ARM
		{601033CC-E5A0-4265-BD97-4BE82306FDCD}.Release|ARM.Build.0 = Release|ARM
		{601033CC-E5A0-4265-BD97-4BE82306FDCD}.Release|ARM64.ActiveCfg = Release|ARM64
		{601033CC-E5A0-4265-BD97-4BE82306FDCD}.Release|ARM64.Build.0 = Release|ARM64
		{601033CC-E5A0-4265-BD97-4BE82306FDCD}.Release|x64.ActiveCfg = Release|x64
		{601033CC-E5A0-4265-BD97-4BE82306FDCD}.Release|x64.Build.0 = Release|x64
		{601033CC-E5A0-4265-BD97-4BE82306FDCD}.Release|x86.ActiveCfg = Release|x86
		{601033CC-E5A0-4265-BD97-4BE82306FDCD}.Release|x86.Build.0 = Release|x86
		{78B9A282-A1BB-4C95-9653-5A9221F45B58}.Debug|Any CPU.ActiveCfg = Debug|Any CPU
		{78B9A282-A1BB-4C95-9653-5A9221F45B58}.Debug|Any CPU.Build.0 = Debug|Any CPU
		{78B9A282-A1BB-4C95-9653-5A9221F45B58}.Debug|ARM.ActiveCfg = Debug|ARM
		{78B9A282-A1BB-4C95-9653-5A9221F45B58}.Debug|ARM.Build.0 = Debug|ARM
		{78B9A282-A1BB-4C95-9653-5A9221F45B58}.Debug|ARM64.ActiveCfg = Debug|ARM64
		{78B9A282-A1BB-4C95-9653-5A9221F45B58}.Debug|ARM64.Build.0 = Debug|ARM64
		{78B9A282-A1BB-4C95-9653-5A9221F45B58}.Debug|x64.ActiveCfg = Debug|x64
		{78B9A282-A1BB-4C95-9653-5A9221F45B58}.Debug|x64.Build.0 = Debug|x64
		{78B9A282-A1BB-4C95-9653-5A9221F45B58}.Debug|x86.ActiveCfg = Debug|x86
		{78B9A282-A1BB-4C95-9653-5A9221F45B58}.Debug|x86.Build.0 = Debug|x86
		{78B9A282-A1BB-4C95-9653-5A9221F45B58}.Release|Any CPU.ActiveCfg = Release|Any CPU
		{78B9A282-A1BB-4C95-9653-5A9221F45B58}.Release|Any CPU.Build.0 = Release|Any CPU
		{78B9A282-A1BB-4C95-9653-5A9221F45B58}.Release|ARM.ActiveCfg = Release|ARM
		{78B9A282-A1BB-4C95-9653-5A9221F45B58}.Release|ARM.Build.0 = Release|ARM
		{78B9A282-A1BB-4C95-9653-5A9221F45B58}.Release|ARM64.ActiveCfg = Release|ARM64
		{78B9A282-A1BB-4C95-9653-5A9221F45B58}.Release|ARM64.Build.0 = Release|ARM64
		{78B9A282-A1BB-4C95-9653-5A9221F45B58}.Release|x64.ActiveCfg = Release|x64
		{78B9A282-A1BB-4C95-9653-5A9221F45B58}.Release|x64.Build.0 = Release|x64
		{78B9A282-A1BB-4C95-9653-5A9221F45B58}.Release|x86.ActiveCfg = Release|x86
		{78B9A282-A1BB-4C95-9653-5A9221F45B58}.Release|x86.Build.0 = Release|x86
		{42650AB2-468D-4216-B4D4-663351F56EE4}.Debug|Any CPU.ActiveCfg = Debug|Any CPU
		{42650AB2-468D-4216-B4D4-663351F56EE4}.Debug|Any CPU.Build.0 = Debug|Any CPU
		{42650AB2-468D-4216-B4D4-663351F56EE4}.Debug|ARM.ActiveCfg = Debug|ARM
		{42650AB2-468D-4216-B4D4-663351F56EE4}.Debug|ARM.Build.0 = Debug|ARM
		{42650AB2-468D-4216-B4D4-663351F56EE4}.Debug|ARM64.ActiveCfg = Debug|ARM64
		{42650AB2-468D-4216-B4D4-663351F56EE4}.Debug|ARM64.Build.0 = Debug|ARM64
		{42650AB2-468D-4216-B4D4-663351F56EE4}.Debug|x64.ActiveCfg = Debug|x64
		{42650AB2-468D-4216-B4D4-663351F56EE4}.Debug|x64.Build.0 = Debug|x64
		{42650AB2-468D-4216-B4D4-663351F56EE4}.Debug|x86.ActiveCfg = Debug|x86
		{42650AB2-468D-4216-B4D4-663351F56EE4}.Debug|x86.Build.0 = Debug|x86
		{42650AB2-468D-4216-B4D4-663351F56EE4}.Release|Any CPU.ActiveCfg = Release|Any CPU
		{42650AB2-468D-4216-B4D4-663351F56EE4}.Release|Any CPU.Build.0 = Release|Any CPU
		{42650AB2-468D-4216-B4D4-663351F56EE4}.Release|ARM.ActiveCfg = Release|ARM
		{42650AB2-468D-4216-B4D4-663351F56EE4}.Release|ARM.Build.0 = Release|ARM
		{42650AB2-468D-4216-B4D4-663351F56EE4}.Release|ARM64.ActiveCfg = Release|ARM64
		{42650AB2-468D-4216-B4D4-663351F56EE4}.Release|ARM64.Build.0 = Release|ARM64
		{42650AB2-468D-4216-B4D4-663351F56EE4}.Release|x64.ActiveCfg = Release|x64
		{42650AB2-468D-4216-B4D4-663351F56EE4}.Release|x64.Build.0 = Release|x64
		{42650AB2-468D-4216-B4D4-663351F56EE4}.Release|x86.ActiveCfg = Release|x86
		{42650AB2-468D-4216-B4D4-663351F56EE4}.Release|x86.Build.0 = Release|x86
		{615CDC49-7444-4A7B-B853-96009695A80A}.Debug|Any CPU.ActiveCfg = Debug|Any CPU
		{615CDC49-7444-4A7B-B853-96009695A80A}.Debug|Any CPU.Build.0 = Debug|Any CPU
		{615CDC49-7444-4A7B-B853-96009695A80A}.Debug|ARM.ActiveCfg = Debug|ARM
		{615CDC49-7444-4A7B-B853-96009695A80A}.Debug|ARM.Build.0 = Debug|ARM
		{615CDC49-7444-4A7B-B853-96009695A80A}.Debug|ARM64.ActiveCfg = Debug|ARM64
		{615CDC49-7444-4A7B-B853-96009695A80A}.Debug|ARM64.Build.0 = Debug|ARM64
		{615CDC49-7444-4A7B-B853-96009695A80A}.Debug|x64.ActiveCfg = Debug|x64
		{615CDC49-7444-4A7B-B853-96009695A80A}.Debug|x64.Build.0 = Debug|x64
		{615CDC49-7444-4A7B-B853-96009695A80A}.Debug|x86.ActiveCfg = Debug|x86
		{615CDC49-7444-4A7B-B853-96009695A80A}.Debug|x86.Build.0 = Debug|x86
		{615CDC49-7444-4A7B-B853-96009695A80A}.Release|Any CPU.ActiveCfg = Release|Any CPU
		{615CDC49-7444-4A7B-B853-96009695A80A}.Release|Any CPU.Build.0 = Release|Any CPU
		{615CDC49-7444-4A7B-B853-96009695A80A}.Release|ARM.ActiveCfg = Release|ARM
		{615CDC49-7444-4A7B-B853-96009695A80A}.Release|ARM.Build.0 = Release|ARM
		{615CDC49-7444-4A7B-B853-96009695A80A}.Release|ARM64.ActiveCfg = Release|ARM64
		{615CDC49-7444-4A7B-B853-96009695A80A}.Release|ARM64.Build.0 = Release|ARM64
		{615CDC49-7444-4A7B-B853-96009695A80A}.Release|x64.ActiveCfg = Release|x64
		{615CDC49-7444-4A7B-B853-96009695A80A}.Release|x64.Build.0 = Release|x64
		{615CDC49-7444-4A7B-B853-96009695A80A}.Release|x86.ActiveCfg = Release|x86
		{615CDC49-7444-4A7B-B853-96009695A80A}.Release|x86.Build.0 = Release|x86
	EndGlobalSection
	GlobalSection(SolutionProperties) = preSolution
		HideSolutionNode = FALSE
	EndGlobalSection
	GlobalSection(NestedProjects) = preSolution
		{990C3A86-A000-41A2-9E36-90D5F9474CB4} = {A6328DFB-215E-4C88-8B76-D2F6D74096A2}
		{338F0BEE-B25A-43F8-94C5-DCC19BD1D0B0} = {BC43919C-5898-4C74-93F7-677ECCD9F648}
		{E44B8341-94F6-493A-9882-CE5B3660C425} = {BC43919C-5898-4C74-93F7-677ECCD9F648}
		{A05BBD15-C3BF-45ED-AE36-7F0FE63A3C3A} = {A6328DFB-215E-4C88-8B76-D2F6D74096A2}
		{23064E16-5B8C-4B11-9DA9-5ABDBFDCAB31} = {BC43919C-5898-4C74-93F7-677ECCD9F648}
		{04898BAE-CCA8-45C6-AFBA-EF9691663E79} = {BC43919C-5898-4C74-93F7-677ECCD9F648}
		{601033CC-E5A0-4265-BD97-4BE82306FDCD} = {BC43919C-5898-4C74-93F7-677ECCD9F648}
		{78B9A282-A1BB-4C95-9653-5A9221F45B58} = {BC43919C-5898-4C74-93F7-677ECCD9F648}
		{42650AB2-468D-4216-B4D4-663351F56EE4} = {BC43919C-5898-4C74-93F7-677ECCD9F648}
		{615CDC49-7444-4A7B-B853-96009695A80A} = {BC43919C-5898-4C74-93F7-677ECCD9F648}
	EndGlobalSection
	GlobalSection(ExtensibilityGlobals) = postSolution
		SolutionGuid = {332DD9D1-F712-42AD-BEDB-10C5BFB62FDB}
	EndGlobalSection
EndGlobal
